
Microsoft Visual Studio Solution File, Format Version 12.00
# Visual Studio 14
VisualStudioVersion = 14.0.23107.0
MinimumVisualStudioVersion = 10.0.40219.1
Project("{2150E333-8FDC-42A3-9474-1A3956D46DE8}") = "HelloWorld", "HelloWorld", "{BE348A84-83D8-4D9F-B2F4-9740C5188EBA}"
EndProject
Project("{E24C65DC-7377-472B-9ABA-BC803B73C61A}") = "Itsi.Template.Website", "Applications\HelloWorld\Itsi.Template.Website\", "{0D8316C8-1372-4CE3-AE05-06B8730BB69D}"
	ProjectSection(WebsiteProperties) = preProject
		TargetFrameworkMoniker = ".NETFramework,Version%3Dv4.0"
		Debug.AspNetCompiler.VirtualPath = "/localhost_63337"
		Debug.AspNetCompiler.PhysicalPath = "Applications\HelloWorld\Itsi.Template.Website\"
		Debug.AspNetCompiler.TargetPath = "PrecompiledWeb\localhost_63337\"
		Debug.AspNetCompiler.Updateable = "true"
		Debug.AspNetCompiler.ForceOverwrite = "true"
		Debug.AspNetCompiler.FixedNames = "false"
		Debug.AspNetCompiler.Debug = "True"
		Release.AspNetCompiler.VirtualPath = "/localhost_63337"
		Release.AspNetCompiler.PhysicalPath = "Applications\HelloWorld\Itsi.Template.Website\"
		Release.AspNetCompiler.TargetPath = "PrecompiledWeb\localhost_63337\"
		Release.AspNetCompiler.Updateable = "true"
		Release.AspNetCompiler.ForceOverwrite = "true"
		Release.AspNetCompiler.FixedNames = "false"
		Release.AspNetCompiler.Debug = "False"
		VWDPort = "63337"
		SlnRelativePath = "Applications\HelloWorld\Itsi.Template.Website\"
	EndProjectSection
EndProject
Project("{2150E333-8FDC-42A3-9474-1A3956D46DE8}") = "docs", "docs", "{B8557AFD-EA94-4AEC-B5FA-8CD95CD7A889}"
	ProjectSection(SolutionItems) = preProject
		Applications\HelloWorld\docs\ApplicationInfrastructure.pptx = Applications\HelloWorld\docs\ApplicationInfrastructure.pptx
		Applications\HelloWorld\docs\serverjsSetup.txt = Applications\HelloWorld\docs\serverjsSetup.txt
		Applications\HelloWorld\docs\Setting up Solution.txt = Applications\HelloWorld\docs\Setting up Solution.txt
		SettingUpApiProject.txt = SettingUpApiProject.txt
		Applications\HelloWorld\docs\SettingUpGulpScripts.txt = Applications\HelloWorld\docs\SettingUpGulpScripts.txt
		Applications\HelloWorld\docs\setupBower.txt = Applications\HelloWorld\docs\setupBower.txt
		Applications\HelloWorld\docs\SetUpSourceTreeWithGitHub.txt = Applications\HelloWorld\docs\SetUpSourceTreeWithGitHub.txt
		Applications\HelloWorld\docs\TeamCityHelp.txt = Applications\HelloWorld\docs\TeamCityHelp.txt
		Applications\HelloWorld\docs\WebSitestoRefer.txt = Applications\HelloWorld\docs\WebSitestoRefer.txt
	EndProjectSection
EndProject
Project("{FAE04EC0-301F-11D3-BF4B-00C04F79EFBC}") = "Itsi.Template.Api", "Applications\HelloWorld\Itsi.Template.Api\Itsi.Template.Api.csproj", "{0D2038B2-A617-480F-B46A-7E532D389EDC}"
EndProject
Project("{FAE04EC0-301F-11D3-BF4B-00C04F79EFBC}") = "Itsi.Template.Api.Tests", "Applications\HelloWorld\Itsi.Template.Api.Tests\Itsi.Template.Api.Tests.csproj", "{B4DEACF7-D14E-454C-B2A1-784F3E09BEA1}"
EndProject
Project("{FAE04EC0-301F-11D3-BF4B-00C04F79EFBC}") = "Itsi.Template.Data", "Applications\HelloWorld\Itsi.Tempate.Data\Itsi.Template.Data.csproj", "{76D6D710-3583-46E7-8A6B-A6F1AF6E0449}"
EndProject
Project("{FAE04EC0-301F-11D3-BF4B-00C04F79EFBC}") = "Itsi.Template.Data.Tests", "Applications\HelloWorld\Itsi.Template.Data.Tests\Itsi.Template.Data.Tests.csproj", "{22A5E0A1-AC65-4A8F-B9ED-0F572FB9DBBE}"
EndProject
Project("{FAE04EC0-301F-11D3-BF4B-00C04F79EFBC}") = "Itsi.Template.DTO", "Applications\HelloWorld\Itsi.Template.DTO\Itsi.Template.DTO.csproj", "{0C57C7B8-1318-448D-908F-DDEAD6DD4C4C}"
EndProject
Project("{FAE04EC0-301F-11D3-BF4B-00C04F79EFBC}") = "Itsi.Template.Service", "Applications\HelloWorld\Itsi.Template.Service\Itsi.Template.Service.csproj", "{9E5A5701-397B-4916-B7BA-1FD7261D44FF}"
EndProject
Global
	GlobalSection(SolutionConfigurationPlatforms) = preSolution
		Debug|Any CPU = Debug|Any CPU
		Release|Any CPU = Release|Any CPU
	EndGlobalSection
	GlobalSection(ProjectConfigurationPlatforms) = postSolution
		{0D8316C8-1372-4CE3-AE05-06B8730BB69D}.Debug|Any CPU.ActiveCfg = Debug|Any CPU
		{0D8316C8-1372-4CE3-AE05-06B8730BB69D}.Release|Any CPU.ActiveCfg = Debug|Any CPU
		{0D8316C8-1372-4CE3-AE05-06B8730BB69D}.Release|Any CPU.Build.0 = Debug|Any CPU
		{0D2038B2-A617-480F-B46A-7E532D389EDC}.Debug|Any CPU.ActiveCfg = Debug|Any CPU
		{0D2038B2-A617-480F-B46A-7E532D389EDC}.Debug|Any CPU.Build.0 = Debug|Any CPU
		{0D2038B2-A617-480F-B46A-7E532D389EDC}.Release|Any CPU.ActiveCfg = Release|Any CPU
		{0D2038B2-A617-480F-B46A-7E532D389EDC}.Release|Any CPU.Build.0 = Release|Any CPU
		{B4DEACF7-D14E-454C-B2A1-784F3E09BEA1}.Debug|Any CPU.ActiveCfg = Debug|Any CPU
		{B4DEACF7-D14E-454C-B2A1-784F3E09BEA1}.Debug|Any CPU.Build.0 = Debug|Any CPU
		{B4DEACF7-D14E-454C-B2A1-784F3E09BEA1}.Release|Any CPU.ActiveCfg = Release|Any CPU
		{B4DEACF7-D14E-454C-B2A1-784F3E09BEA1}.Release|Any CPU.Build.0 = Release|Any CPU
		{76D6D710-3583-46E7-8A6B-A6F1AF6E0449}.Debug|Any CPU.ActiveCfg = Debug|Any CPU
		{76D6D710-3583-46E7-8A6B-A6F1AF6E0449}.Debug|Any CPU.Build.0 = Debug|Any CPU
		{76D6D710-3583-46E7-8A6B-A6F1AF6E0449}.Release|Any CPU.ActiveCfg = Release|Any CPU
		{76D6D710-3583-46E7-8A6B-A6F1AF6E0449}.Release|Any CPU.Build.0 = Release|Any CPU
		{22A5E0A1-AC65-4A8F-B9ED-0F572FB9DBBE}.Debug|Any CPU.ActiveCfg = Debug|Any CPU
		{22A5E0A1-AC65-4A8F-B9ED-0F572FB9DBBE}.Debug|Any CPU.Build.0 = Debug|Any CPU
		{22A5E0A1-AC65-4A8F-B9ED-0F572FB9DBBE}.Release|Any CPU.ActiveCfg = Release|Any CPU
		{22A5E0A1-AC65-4A8F-B9ED-0F572FB9DBBE}.Release|Any CPU.Build.0 = Release|Any CPU
		{0C57C7B8-1318-448D-908F-DDEAD6DD4C4C}.Debug|Any CPU.ActiveCfg = Debug|Any CPU
		{0C57C7B8-1318-448D-908F-DDEAD6DD4C4C}.Debug|Any CPU.Build.0 = Debug|Any CPU
		{0C57C7B8-1318-448D-908F-DDEAD6DD4C4C}.Release|Any CPU.ActiveCfg = Release|Any CPU
		{0C57C7B8-1318-448D-908F-DDEAD6DD4C4C}.Release|Any CPU.Build.0 = Release|Any CPU
		{9E5A5701-397B-4916-B7BA-1FD7261D44FF}.Debug|Any CPU.ActiveCfg = Debug|Any CPU
		{9E5A5701-397B-4916-B7BA-1FD7261D44FF}.Debug|Any CPU.Build.0 = Debug|Any CPU
		{9E5A5701-397B-4916-B7BA-1FD7261D44FF}.Release|Any CPU.ActiveCfg = Release|Any CPU
		{9E5A5701-397B-4916-B7BA-1FD7261D44FF}.Release|Any CPU.Build.0 = Release|Any CPU
	EndGlobalSection
	GlobalSection(SolutionProperties) = preSolution
		HideSolutionNode = FALSE
	EndGlobalSection
	GlobalSection(NestedProjects) = preSolution
		{0D8316C8-1372-4CE3-AE05-06B8730BB69D} = {BE348A84-83D8-4D9F-B2F4-9740C5188EBA}
		{B8557AFD-EA94-4AEC-B5FA-8CD95CD7A889} = {BE348A84-83D8-4D9F-B2F4-9740C5188EBA}
		{0D2038B2-A617-480F-B46A-7E532D389EDC} = {BE348A84-83D8-4D9F-B2F4-9740C5188EBA}
		{B4DEACF7-D14E-454C-B2A1-784F3E09BEA1} = {BE348A84-83D8-4D9F-B2F4-9740C5188EBA}
		{76D6D710-3583-46E7-8A6B-A6F1AF6E0449} = {BE348A84-83D8-4D9F-B2F4-9740C5188EBA}
		{22A5E0A1-AC65-4A8F-B9ED-0F572FB9DBBE} = {BE348A84-83D8-4D9F-B2F4-9740C5188EBA}
		{0C57C7B8-1318-448D-908F-DDEAD6DD4C4C} = {BE348A84-83D8-4D9F-B2F4-9740C5188EBA}
		{9E5A5701-397B-4916-B7BA-1FD7261D44FF} = {BE348A84-83D8-4D9F-B2F4-9740C5188EBA}
	EndGlobalSection
EndGlobal
